
Microsoft Visual Studio Solution File, Format Version 12.00
# Visual Studio 15
VisualStudioVersion = 15.0.28307.136
MinimumVisualStudioVersion = 10.0.40219.1
Project("{F184B08F-C81C-45F6-A57F-5ABD9991F28F}") = "Snake", "Snake\Snake.vbproj", "{3FAFE4F1-FD8A-4D94-938C-B8A1DB162421}"
EndProject
Global
	GlobalSection(SolutionConfigurationPlatforms) = preSolution
		Debug|Any CPU = Debug|Any CPU
		Debug|x86 = Debug|x86
		Release|Any CPU = Release|Any CPU
		Release|x86 = Release|x86
	EndGlobalSection
	GlobalSection(ProjectConfigurationPlatforms) = postSolution
		{3FAFE4F1-FD8A-4D94-938C-B8A1DB162421}.Debug|Any CPU.ActiveCfg = Debug|Any CPU
		{3FAFE4F1-FD8A-4D94-938C-B8A1DB162421}.Debug|Any CPU.Build.0 = Debug|Any CPU
		{3FAFE4F1-FD8A-4D94-938C-B8A1DB162421}.Debug|x86.ActiveCfg = Debug|x86
		{3FAFE4F1-FD8A-4D94-938C-B8A1DB162421}.Debug|x86.Build.0 = Debug|x86
		{3FAFE4F1-FD8A-4D94-938C-B8A1DB162421}.Release|Any CPU.ActiveCfg = Release|Any CPU
		{3FAFE4F1-FD8A-4D94-938C-B8A1DB162421}.Release|Any CPU.Build.0 = Release|Any CPU
		{3FAFE4F1-FD8A-4D94-938C-B8A1DB162421}.Release|x86.ActiveCfg = Release|x86
		{3FAFE4F1-FD8A-4D94-938C-B8A1DB162421}.Release|x86.Build.0 = Release|x86
	EndGlobalSection
	GlobalSection(SolutionProperties) = preSolution
		HideSolutionNode = FALSE
	EndGlobalSection
	GlobalSection(ExtensibilityGlobals) = postSolution
		SolutionGuid = {AC643A59-727F-4AFA-B0C8-E91054942856}
	EndGlobalSection
EndGlobal
